
Microsoft Visual Studio Solution File, Format Version 12.00
# Visual Studio Version 17
VisualStudioVersion = 17.0.31903.59
MinimumVisualStudioVersion = 10.0.40219.1
Project("{9A19103F-16F7-4668-BE54-9A1E7A4F7556}") = "PointlessWaymarks.CommonTools", "PointlessWaymarksTools\PointlessWaymarks.CommonTools\PointlessWaymarks.CommonTools.csproj", "{53A0C5BA-6E92-414A-8904-5248CF174BA7}"
EndProject
Project("{9A19103F-16F7-4668-BE54-9A1E7A4F7556}") = "PointlessWaymarks.VaultfuscationTools", "PointlessWaymarksTools\PointlessWaymarks.VaultfuscationTools\PointlessWaymarks.VaultfuscationTools.csproj", "{15A93A55-C576-4DDF-AA77-3A8B855812FA}"
EndProject
Project("{9A19103F-16F7-4668-BE54-9A1E7A4F7556}") = "GmhWorkshop.BirdPiBackup", "GmhWorkshop.BirdPiBackup\GmhWorkshop.BirdPiBackup.csproj", "{0453CEB9-8146-4FB6-9740-4E72184EEF56}"
EndProject
Project("{9A19103F-16F7-4668-BE54-9A1E7A4F7556}") = "GmhWorkshop.SensorPush", "GmhWorkshop.SensorPush\GmhWorkshop.SensorPush.csproj", "{79DE75D4-F659-4E3D-BE5B-F6A6A62FB01B}"
EndProject
Project("{9A19103F-16F7-4668-BE54-9A1E7A4F7556}") = "GmhWorkshop.SensorPushBackup", "GmhWorkshop.SensorPushBackup\GmhWorkshop.SensorPushBackup.csproj", "{D3926E14-C0B3-4A28-907E-643B4F6313FE}"
EndProject
Global
	GlobalSection(SolutionConfigurationPlatforms) = preSolution
		Debug|Any CPU = Debug|Any CPU
		Debug|x64 = Debug|x64
		Release|Any CPU = Release|Any CPU
		Release|x64 = Release|x64
	EndGlobalSection
	GlobalSection(ProjectConfigurationPlatforms) = postSolution
		{53A0C5BA-6E92-414A-8904-5248CF174BA7}.Debug|Any CPU.ActiveCfg = Debug|x64
		{53A0C5BA-6E92-414A-8904-5248CF174BA7}.Debug|Any CPU.Build.0 = Debug|x64
		{53A0C5BA-6E92-414A-8904-5248CF174BA7}.Debug|x64.ActiveCfg = Debug|x64
		{53A0C5BA-6E92-414A-8904-5248CF174BA7}.Debug|x64.Build.0 = Debug|x64
		{53A0C5BA-6E92-414A-8904-5248CF174BA7}.Release|Any CPU.ActiveCfg = Release|x64
		{53A0C5BA-6E92-414A-8904-5248CF174BA7}.Release|Any CPU.Build.0 = Release|x64
		{53A0C5BA-6E92-414A-8904-5248CF174BA7}.Release|x64.ActiveCfg = Release|x64
		{53A0C5BA-6E92-414A-8904-5248CF174BA7}.Release|x64.Build.0 = Release|x64
		{15A93A55-C576-4DDF-AA77-3A8B855812FA}.Debug|Any CPU.ActiveCfg = Debug|x64
		{15A93A55-C576-4DDF-AA77-3A8B855812FA}.Debug|Any CPU.Build.0 = Debug|x64
		{15A93A55-C576-4DDF-AA77-3A8B855812FA}.Debug|x64.ActiveCfg = Debug|x64
		{15A93A55-C576-4DDF-AA77-3A8B855812FA}.Debug|x64.Build.0 = Debug|x64
		{15A93A55-C576-4DDF-AA77-3A8B855812FA}.Release|Any CPU.ActiveCfg = Release|x64
		{15A93A55-C576-4DDF-AA77-3A8B855812FA}.Release|Any CPU.Build.0 = Release|x64
		{15A93A55-C576-4DDF-AA77-3A8B855812FA}.Release|x64.ActiveCfg = Release|x64
		{15A93A55-C576-4DDF-AA77-3A8B855812FA}.Release|x64.Build.0 = Release|x64
		{0453CEB9-8146-4FB6-9740-4E72184EEF56}.Debug|Any CPU.ActiveCfg = Debug|x64
		{0453CEB9-8146-4FB6-9740-4E72184EEF56}.Debug|Any CPU.Build.0 = Debug|x64
		{0453CEB9-8146-4FB6-9740-4E72184EEF56}.Debug|x64.ActiveCfg = Debug|x64
		{0453CEB9-8146-4FB6-9740-4E72184EEF56}.Debug|x64.Build.0 = Debug|x64
		{0453CEB9-8146-4FB6-9740-4E72184EEF56}.Release|Any CPU.ActiveCfg = Release|x64
		{0453CEB9-8146-4FB6-9740-4E72184EEF56}.Release|Any CPU.Build.0 = Release|x64
		{0453CEB9-8146-4FB6-9740-4E72184EEF56}.Release|x64.ActiveCfg = Release|x64
		{0453CEB9-8146-4FB6-9740-4E72184EEF56}.Release|x64.Build.0 = Release|x64
		{79DE75D4-F659-4E3D-BE5B-F6A6A62FB01B}.Debug|Any CPU.ActiveCfg = Debug|x64
		{79DE75D4-F659-4E3D-BE5B-F6A6A62FB01B}.Debug|Any CPU.Build.0 = Debug|x64
		{79DE75D4-F659-4E3D-BE5B-F6A6A62FB01B}.Debug|x64.ActiveCfg = Debug|x64
		{79DE75D4-F659-4E3D-BE5B-F6A6A62FB01B}.Debug|x64.Build.0 = Debug|x64
		{79DE75D4-F659-4E3D-BE5B-F6A6A62FB01B}.Release|Any CPU.ActiveCfg = Release|x64
		{79DE75D4-F659-4E3D-BE5B-F6A6A62FB01B}.Release|Any CPU.Build.0 = Release|x64
		{79DE75D4-F659-4E3D-BE5B-F6A6A62FB01B}.Release|x64.ActiveCfg = Release|x64
		{79DE75D4-F659-4E3D-BE5B-F6A6A62FB01B}.Release|x64.Build.0 = Release|x64
		{D3926E14-C0B3-4A28-907E-643B4F6313FE}.Debug|Any CPU.ActiveCfg = Debug|x64
		{D3926E14-C0B3-4A28-907E-643B4F6313FE}.Debug|Any CPU.Build.0 = Debug|x64
		{D3926E14-C0B3-4A28-907E-643B4F6313FE}.Debug|x64.ActiveCfg = Debug|x64
		{D3926E14-C0B3-4A28-907E-643B4F6313FE}.Debug|x64.Build.0 = Debug|x64
		{D3926E14-C0B3-4A28-907E-643B4F6313FE}.Release|Any CPU.ActiveCfg = Release|x64
		{D3926E14-C0B3-4A28-907E-643B4F6313FE}.Release|Any CPU.Build.0 = Release|x64
		{D3926E14-C0B3-4A28-907E-643B4F6313FE}.Release|x64.ActiveCfg = Release|x64
		{D3926E14-C0B3-4A28-907E-643B4F6313FE}.Release|x64.Build.0 = Release|x64
	EndGlobalSection
	GlobalSection(SolutionProperties) = preSolution
		HideSolutionNode = FALSE
	EndGlobalSection
	GlobalSection(ExtensibilityGlobals) = postSolution
		SolutionGuid = {F56A4A1E-9ADE-4DAB-9D47-198534A56601}
	EndGlobalSection
EndGlobal
