
Microsoft Visual Studio Solution File, Format Version 12.00
# Visual Studio Version 17
VisualStudioVersion = 17.7.33808.371
MinimumVisualStudioVersion = 10.0.40219.1
Project("{FAE04EC0-301F-11D3-BF4B-00C04F79EFBC}") = "GmhHanger.Web", "GmhHanger.Web.csproj", "{933E2ABB-3D9B-4246-819F-BF1E825AEB8A}"
EndProject
Project("{FAE04EC0-301F-11D3-BF4B-00C04F79EFBC}") = "GmhHanger.Jobs", "..\GmhJobs\GmhHanger.Jobs.csproj", "{DABA9EBE-FE1F-482A-B21C-F41A4AEF30D4}"
EndProject
Project("{FAE04EC0-301F-11D3-BF4B-00C04F79EFBC}") = "GmhHanger.ConsoleRunner", "..\GmhConsoleRunner\GmhHanger.ConsoleRunner.csproj", "{6DE913F9-7AC7-4A2A-9334-FD9021996AE1}"
EndProject
Global
	GlobalSection(SolutionConfigurationPlatforms) = preSolution
		Debug|Any CPU = Debug|Any CPU
		Release|Any CPU = Release|Any CPU
	EndGlobalSection
	GlobalSection(ProjectConfigurationPlatforms) = postSolution
		{933E2ABB-3D9B-4246-819F-BF1E825AEB8A}.Debug|Any CPU.ActiveCfg = Debug|Any CPU
		{933E2ABB-3D9B-4246-819F-BF1E825AEB8A}.Debug|Any CPU.Build.0 = Debug|Any CPU
		{933E2ABB-3D9B-4246-819F-BF1E825AEB8A}.Release|Any CPU.ActiveCfg = Release|Any CPU
		{933E2ABB-3D9B-4246-819F-BF1E825AEB8A}.Release|Any CPU.Build.0 = Release|Any CPU
		{DABA9EBE-FE1F-482A-B21C-F41A4AEF30D4}.Debug|Any CPU.ActiveCfg = Debug|Any CPU
		{DABA9EBE-FE1F-482A-B21C-F41A4AEF30D4}.Debug|Any CPU.Build.0 = Debug|Any CPU
		{DABA9EBE-FE1F-482A-B21C-F41A4AEF30D4}.Release|Any CPU.ActiveCfg = Release|Any CPU
		{DABA9EBE-FE1F-482A-B21C-F41A4AEF30D4}.Release|Any CPU.Build.0 = Release|Any CPU
		{6DE913F9-7AC7-4A2A-9334-FD9021996AE1}.Debug|Any CPU.ActiveCfg = Debug|Any CPU
		{6DE913F9-7AC7-4A2A-9334-FD9021996AE1}.Debug|Any CPU.Build.0 = Debug|Any CPU
		{6DE913F9-7AC7-4A2A-9334-FD9021996AE1}.Release|Any CPU.ActiveCfg = Release|Any CPU
		{6DE913F9-7AC7-4A2A-9334-FD9021996AE1}.Release|Any CPU.Build.0 = Release|Any CPU
	EndGlobalSection
	GlobalSection(SolutionProperties) = preSolution
		HideSolutionNode = FALSE
	EndGlobalSection
	GlobalSection(ExtensibilityGlobals) = postSolution
		SolutionGuid = {DFC2F75C-42C3-431A-B041-7D83B6F6CEA3}
	EndGlobalSection
EndGlobal
